// !$*UTF8*$!
{
	archiveVersion = 1;
	classes = {
	};
	objectVersion = 46;
	objects = {

/* Begin PBXBuildFile section */
		38CF926C1B83E2D4006D4B05 /* ThenKit.h in Headers */ = {isa = PBXBuildFile; fileRef = 38CF926B1B83E2D4006D4B05 /* ThenKit.h */; settings = {ATTRIBUTES = (Public, ); }; };
		38CF92731B83E2D4006D4B05 /* ThenKit.framework in Frameworks */ = {isa = PBXBuildFile; fileRef = 38CF92681B83E2D4006D4B05 /* ThenKit.framework */; };
		38CF92781B83E2D4006D4B05 /* ThenKitTests.swift in Sources */ = {isa = PBXBuildFile; fileRef = 38CF92771B83E2D4006D4B05 /* ThenKitTests.swift */; };
		38CF92831B83E326006D4B05 /* ThenKit.swift in Sources */ = {isa = PBXBuildFile; fileRef = 38CF92821B83E326006D4B05 /* ThenKit.swift */; };
		38CF92861B83E354006D4B05 /* Logger.swift in Sources */ = {isa = PBXBuildFile; fileRef = 38CF92851B83E354006D4B05 /* Logger.swift */; };
		38CF92881B83E650006D4B05 /* ThenKitTestHelpers.swift in Sources */ = {isa = PBXBuildFile; fileRef = 38CF92871B83E650006D4B05 /* ThenKitTestHelpers.swift */; };
/* End PBXBuildFile section */

/* Begin PBXContainerItemProxy section */
		38CF92741B83E2D4006D4B05 /* PBXContainerItemProxy */ = {
			isa = PBXContainerItemProxy;
			containerPortal = 38CF925F1B83E2D4006D4B05 /* Project object */;
			proxyType = 1;
			remoteGlobalIDString = 38CF92671B83E2D4006D4B05;
			remoteInfo = ThenKit;
		};
/* End PBXContainerItemProxy section */

/* Begin PBXFileReference section */
		38CF92681B83E2D4006D4B05 /* ThenKit.framework */ = {isa = PBXFileReference; explicitFileType = wrapper.framework; includeInIndex = 0; path = ThenKit.framework; sourceTree = BUILT_PRODUCTS_DIR; };
		38CF926B1B83E2D4006D4B05 /* ThenKit.h */ = {isa = PBXFileReference; lastKnownFileType = sourcecode.c.h; path = ThenKit.h; sourceTree = "<group>"; };
		38CF926D1B83E2D4006D4B05 /* Info.plist */ = {isa = PBXFileReference; lastKnownFileType = text.plist.xml; path = Info.plist; sourceTree = "<group>"; };
		38CF92721B83E2D4006D4B05 /* ThenKitTests.xctest */ = {isa = PBXFileReference; explicitFileType = wrapper.cfbundle; includeInIndex = 0; path = ThenKitTests.xctest; sourceTree = BUILT_PRODUCTS_DIR; };
		38CF92771B83E2D4006D4B05 /* ThenKitTests.swift */ = {isa = PBXFileReference; lastKnownFileType = sourcecode.swift; path = ThenKitTests.swift; sourceTree = "<group>"; };
		38CF92791B83E2D4006D4B05 /* Info.plist */ = {isa = PBXFileReference; lastKnownFileType = text.plist.xml; path = Info.plist; sourceTree = "<group>"; };
		38CF92821B83E326006D4B05 /* ThenKit.swift */ = {isa = PBXFileReference; fileEncoding = 4; lastKnownFileType = sourcecode.swift; path = ThenKit.swift; sourceTree = "<group>"; };
		38CF92851B83E354006D4B05 /* Logger.swift */ = {isa = PBXFileReference; fileEncoding = 4; lastKnownFileType = sourcecode.swift; path = Logger.swift; sourceTree = "<group>"; };
		38CF92871B83E650006D4B05 /* ThenKitTestHelpers.swift */ = {isa = PBXFileReference; fileEncoding = 4; lastKnownFileType = sourcecode.swift; path = ThenKitTestHelpers.swift; sourceTree = "<group>"; };
/* End PBXFileReference section */

/* Begin PBXFrameworksBuildPhase section */
		38CF92641B83E2D4006D4B05 /* Frameworks */ = {
			isa = PBXFrameworksBuildPhase;
			buildActionMask = 2147483647;
			files = (
			);
			runOnlyForDeploymentPostprocessing = 0;
		};
		38CF926F1B83E2D4006D4B05 /* Frameworks */ = {
			isa = PBXFrameworksBuildPhase;
			buildActionMask = 2147483647;
			files = (
				38CF92731B83E2D4006D4B05 /* ThenKit.framework in Frameworks */,
			);
			runOnlyForDeploymentPostprocessing = 0;
		};
/* End PBXFrameworksBuildPhase section */

/* Begin PBXGroup section */
		38CF925E1B83E2D4006D4B05 = {
			isa = PBXGroup;
			children = (
				38CF926A1B83E2D4006D4B05 /* ThenKit */,
				38CF92761B83E2D4006D4B05 /* ThenKitTests */,
				38CF92691B83E2D4006D4B05 /* Products */,
			);
			sourceTree = "<group>";
		};
		38CF92691B83E2D4006D4B05 /* Products */ = {
			isa = PBXGroup;
			children = (
				38CF92681B83E2D4006D4B05 /* ThenKit.framework */,
				38CF92721B83E2D4006D4B05 /* ThenKitTests.xctest */,
			);
			name = Products;
			sourceTree = "<group>";
		};
		38CF926A1B83E2D4006D4B05 /* ThenKit */ = {
			isa = PBXGroup;
			children = (
				38CF92891B83E65C006D4B05 /* Supporting Files */,
				38CF92821B83E326006D4B05 /* ThenKit.swift */,
				38CF92851B83E354006D4B05 /* Logger.swift */,
			);
			path = ThenKit;
			sourceTree = "<group>";
		};
		38CF92761B83E2D4006D4B05 /* ThenKitTests */ = {
			isa = PBXGroup;
			children = (
				38CF92771B83E2D4006D4B05 /* ThenKitTests.swift */,
				38CF92871B83E650006D4B05 /* ThenKitTestHelpers.swift */,
				38CF92791B83E2D4006D4B05 /* Info.plist */,
			);
			path = ThenKitTests;
			sourceTree = "<group>";
		};
		38CF92891B83E65C006D4B05 /* Supporting Files */ = {
			isa = PBXGroup;
			children = (
				38CF926B1B83E2D4006D4B05 /* ThenKit.h */,
				38CF926D1B83E2D4006D4B05 /* Info.plist */,
			);
			name = "Supporting Files";
			sourceTree = "<group>";
		};
/* End PBXGroup section */

/* Begin PBXHeadersBuildPhase section */
		38CF92651B83E2D4006D4B05 /* Headers */ = {
			isa = PBXHeadersBuildPhase;
			buildActionMask = 2147483647;
			files = (
				38CF926C1B83E2D4006D4B05 /* ThenKit.h in Headers */,
			);
			runOnlyForDeploymentPostprocessing = 0;
		};
/* End PBXHeadersBuildPhase section */

/* Begin PBXNativeTarget section */
		38CF92671B83E2D4006D4B05 /* ThenKit */ = {
			isa = PBXNativeTarget;
			buildConfigurationList = 38CF927C1B83E2D4006D4B05 /* Build configuration list for PBXNativeTarget "ThenKit" */;
			buildPhases = (
				38CF92631B83E2D4006D4B05 /* Sources */,
				38CF92641B83E2D4006D4B05 /* Frameworks */,
				38CF92651B83E2D4006D4B05 /* Headers */,
				38CF92661B83E2D4006D4B05 /* Resources */,
			);
			buildRules = (
			);
			dependencies = (
			);
			name = ThenKit;
			productName = ThenKit;
			productReference = 38CF92681B83E2D4006D4B05 /* ThenKit.framework */;
			productType = "com.apple.product-type.framework";
		};
		38CF92711B83E2D4006D4B05 /* ThenKitTests */ = {
			isa = PBXNativeTarget;
			buildConfigurationList = 38CF927F1B83E2D4006D4B05 /* Build configuration list for PBXNativeTarget "ThenKitTests" */;
			buildPhases = (
				38CF926E1B83E2D4006D4B05 /* Sources */,
				38CF926F1B83E2D4006D4B05 /* Frameworks */,
				38CF92701B83E2D4006D4B05 /* Resources */,
			);
			buildRules = (
			);
			dependencies = (
				38CF92751B83E2D4006D4B05 /* PBXTargetDependency */,
			);
			name = ThenKitTests;
			productName = ThenKitTests;
			productReference = 38CF92721B83E2D4006D4B05 /* ThenKitTests.xctest */;
			productType = "com.apple.product-type.bundle.unit-test";
		};
/* End PBXNativeTarget section */

/* Begin PBXProject section */
		38CF925F1B83E2D4006D4B05 /* Project object */ = {
			isa = PBXProject;
			attributes = {
				LastSwiftUpdateCheck = 0700;
				LastUpgradeCheck = 0700;
				ORGANIZATIONNAME = Rodrigo;
				TargetAttributes = {
					38CF92671B83E2D4006D4B05 = {
						CreatedOnToolsVersion = 7.0;
					};
					38CF92711B83E2D4006D4B05 = {
						CreatedOnToolsVersion = 7.0;
					};
				};
			};
			buildConfigurationList = 38CF92621B83E2D4006D4B05 /* Build configuration list for PBXProject "ThenKit" */;
			compatibilityVersion = "Xcode 3.2";
			developmentRegion = English;
			hasScannedForEncodings = 0;
			knownRegions = (
				en,
			);
			mainGroup = 38CF925E1B83E2D4006D4B05;
			productRefGroup = 38CF92691B83E2D4006D4B05 /* Products */;
			projectDirPath = "";
			projectRoot = "";
			targets = (
				38CF92671B83E2D4006D4B05 /* ThenKit */,
				38CF92711B83E2D4006D4B05 /* ThenKitTests */,
			);
		};
/* End PBXProject section */

/* Begin PBXResourcesBuildPhase section */
		38CF92661B83E2D4006D4B05 /* Resources */ = {
			isa = PBXResourcesBuildPhase;
			buildActionMask = 2147483647;
			files = (
			);
			runOnlyForDeploymentPostprocessing = 0;
		};
		38CF92701B83E2D4006D4B05 /* Resources */ = {
			isa = PBXResourcesBuildPhase;
			buildActionMask = 2147483647;
			files = (
			);
			runOnlyForDeploymentPostprocessing = 0;
		};
/* End PBXResourcesBuildPhase section */

/* Begin PBXSourcesBuildPhase section */
		38CF92631B83E2D4006D4B05 /* Sources */ = {
			isa = PBXSourcesBuildPhase;
			buildActionMask = 2147483647;
			files = (
				38CF92831B83E326006D4B05 /* ThenKit.swift in Sources */,
				38CF92861B83E354006D4B05 /* Logger.swift in Sources */,
			);
			runOnlyForDeploymentPostprocessing = 0;
		};
		38CF926E1B83E2D4006D4B05 /* Sources */ = {
			isa = PBXSourcesBuildPhase;
			buildActionMask = 2147483647;
			files = (
				38CF92781B83E2D4006D4B05 /* ThenKitTests.swift in Sources */,
				38CF92881B83E650006D4B05 /* ThenKitTestHelpers.swift in Sources */,
			);
			runOnlyForDeploymentPostprocessing = 0;
		};
/* End PBXSourcesBuildPhase section */

/* Begin PBXTargetDependency section */
		38CF92751B83E2D4006D4B05 /* PBXTargetDependency */ = {
			isa = PBXTargetDependency;
			target = 38CF92671B83E2D4006D4B05 /* ThenKit */;
			targetProxy = 38CF92741B83E2D4006D4B05 /* PBXContainerItemProxy */;
		};
/* End PBXTargetDependency section */

/* Begin XCBuildConfiguration section */
		38CF927A1B83E2D4006D4B05 /* Debug */ = {
			isa = XCBuildConfiguration;
			buildSettings = {
				ALWAYS_SEARCH_USER_PATHS = NO;
				CLANG_CXX_LANGUAGE_STANDARD = "gnu++0x";
				CLANG_CXX_LIBRARY = "libc++";
				CLANG_ENABLE_MODULES = YES;
				CLANG_ENABLE_OBJC_ARC = YES;
				CLANG_WARN_BOOL_CONVERSION = YES;
				CLANG_WARN_CONSTANT_CONVERSION = YES;
				CLANG_WARN_DIRECT_OBJC_ISA_USAGE = YES_ERROR;
				CLANG_WARN_EMPTY_BODY = YES;
				CLANG_WARN_ENUM_CONVERSION = YES;
				CLANG_WARN_INT_CONVERSION = YES;
				CLANG_WARN_OBJC_ROOT_CLASS = YES_ERROR;
				CLANG_WARN_UNREACHABLE_CODE = YES;
				CLANG_WARN__DUPLICATE_METHOD_MATCH = YES;
				"CODE_SIGN_IDENTITY[sdk=iphoneos*]" = "iPhone Developer";
				COPY_PHASE_STRIP = NO;
				CURRENT_PROJECT_VERSION = 1;
				DEBUG_INFORMATION_FORMAT = dwarf;
				ENABLE_STRICT_OBJC_MSGSEND = YES;
				ENABLE_TESTABILITY = YES;
				GCC_C_LANGUAGE_STANDARD = gnu99;
				GCC_DYNAMIC_NO_PIC = NO;
				GCC_NO_COMMON_BLOCKS = YES;
				GCC_OPTIMIZATION_LEVEL = 0;
				GCC_PREPROCESSOR_DEFINITIONS = (
					"DEBUG=1",
					"$(inherited)",
				);
				GCC_WARN_64_TO_32_BIT_CONVERSION = YES;
				GCC_WARN_ABOUT_RETURN_TYPE = YES_ERROR;
				GCC_WARN_UNDECLARED_SELECTOR = YES;
				GCC_WARN_UNINITIALIZED_AUTOS = YES_AGGRESSIVE;
				GCC_WARN_UNUSED_FUNCTION = YES;
				GCC_WARN_UNUSED_VARIABLE = YES;
				IPHONEOS_DEPLOYMENT_TARGET = 9.0;
				MTL_ENABLE_DEBUG_INFO = YES;
				ONLY_ACTIVE_ARCH = YES;
				SDKROOT = iphoneos;
				SWIFT_OPTIMIZATION_LEVEL = "-Onone";
				TARGETED_DEVICE_FAMILY = "1,2";
				VERSIONING_SYSTEM = "apple-generic";
				VERSION_INFO_PREFIX = "";
			};
			name = Debug;
		};
		38CF927B1B83E2D4006D4B05 /* Release */ = {
			isa = XCBuildConfiguration;
			buildSettings = {
				ALWAYS_SEARCH_USER_PATHS = NO;
				CLANG_CXX_LANGUAGE_STANDARD = "gnu++0x";
				CLANG_CXX_LIBRARY = "libc++";
				CLANG_ENABLE_MODULES = YES;
				CLANG_ENABLE_OBJC_ARC = YES;
				CLANG_WARN_BOOL_CONVERSION = YES;
				CLANG_WARN_CONSTANT_CONVERSION = YES;
				CLANG_WARN_DIRECT_OBJC_ISA_USAGE = YES_ERROR;
				CLANG_WARN_EMPTY_BODY = YES;
				CLANG_WARN_ENUM_CONVERSION = YES;
				CLANG_WARN_INT_CONVERSION = YES;
				CLANG_WARN_OBJC_ROOT_CLASS = YES_ERROR;
				CLANG_WARN_UNREACHABLE_CODE = YES;
				CLANG_WARN__DUPLICATE_METHOD_MATCH = YES;
				"CODE_SIGN_IDENTITY[sdk=iphoneos*]" = "iPhone Developer";
				COPY_PHASE_STRIP = NO;
				CURRENT_PROJECT_VERSION = 1;
				DEBUG_INFORMATION_FORMAT = "dwarf-with-dsym";
				ENABLE_NS_ASSERTIONS = NO;
				ENABLE_STRICT_OBJC_MSGSEND = YES;
				GCC_C_LANGUAGE_STANDARD = gnu99;
				GCC_NO_COMMON_BLOCKS = YES;
				GCC_WARN_64_TO_32_BIT_CONVERSION = YES;
				GCC_WARN_ABOUT_RETURN_TYPE = YES_ERROR;
				GCC_WARN_UNDECLARED_SELECTOR = YES;
				GCC_WARN_UNINITIALIZED_AUTOS = YES_AGGRESSIVE;
				GCC_WARN_UNUSED_FUNCTION = YES;
				GCC_WARN_UNUSED_VARIABLE = YES;
				IPHONEOS_DEPLOYMENT_TARGET = 9.0;
				MTL_ENABLE_DEBUG_INFO = NO;
				SDKROOT = iphoneos;
				TARGETED_DEVICE_FAMILY = "1,2";
				VALIDATE_PRODUCT = YES;
				VERSIONING_SYSTEM = "apple-generic";
				VERSION_INFO_PREFIX = "";
			};
			name = Release;
		};
		38CF927D1B83E2D4006D4B05 /* Debug */ = {
			isa = XCBuildConfiguration;
			buildSettings = {
				CLANG_ENABLE_MODULES = YES;
				DEFINES_MODULE = YES;
				DYLIB_COMPATIBILITY_VERSION = 1;
				DYLIB_CURRENT_VERSION = 1;
				DYLIB_INSTALL_NAME_BASE = "@rpath";
				INFOPLIST_FILE = ThenKit/Info.plist;
				INSTALL_PATH = "$(LOCAL_LIBRARY_DIR)/Frameworks";
				LD_RUNPATH_SEARCH_PATHS = "$(inherited) @executable_path/Frameworks @loader_path/Frameworks";
				OTHER_SWIFT_FLAGS = "-DTESTING";
				PRODUCT_BUNDLE_IDENTIFIER = com.rodrigo.tk.ThenKit;
				PRODUCT_NAME = "$(TARGET_NAME)";
				SKIP_INSTALL = YES;
				SWIFT_OPTIMIZATION_LEVEL = "-Onone";
			};
			name = Debug;
		};
		38CF927E1B83E2D4006D4B05 /* Release */ = {
			isa = XCBuildConfiguration;
			buildSettings = {
				CLANG_ENABLE_MODULES = YES;
				DEFINES_MODULE = YES;
				DYLIB_COMPATIBILITY_VERSION = 1;
				DYLIB_CURRENT_VERSION = 1;
				DYLIB_INSTALL_NAME_BASE = "@rpath";
				INFOPLIST_FILE = ThenKit/Info.plist;
				INSTALL_PATH = "$(LOCAL_LIBRARY_DIR)/Frameworks";
				LD_RUNPATH_SEARCH_PATHS = "$(inherited) @executable_path/Frameworks @loader_path/Frameworks";
				PRODUCT_BUNDLE_IDENTIFIER = com.rodrigo.tk.ThenKit;
				PRODUCT_NAME = "$(TARGET_NAME)";
				SKIP_INSTALL = YES;
			};
			name = Release;
		};
		38CF92801B83E2D4006D4B05 /* Debug */ = {
			isa = XCBuildConfiguration;
			buildSettings = {
				INFOPLIST_FILE = ThenKitTests/Info.plist;
				LD_RUNPATH_SEARCH_PATHS = "$(inherited) @executable_path/Frameworks @loader_path/Frameworks";
				OTHER_SWIFT_FLAGS = "-DTESTING";
				PRODUCT_BUNDLE_IDENTIFIER = com.rodrigo.tk.ThenKitTests;
				PRODUCT_NAME = "$(TARGET_NAME)";
			};
			name = Debug;
		};
		38CF92811B83E2D4006D4B05 /* Release */ = {
			isa = XCBuildConfiguration;
			buildSettings = {
				INFOPLIST_FILE = ThenKitTests/Info.plist;
				LD_RUNPATH_SEARCH_PATHS = "$(inherited) @executable_path/Frameworks @loader_path/Frameworks";
				OTHER_SWIFT_FLAGS = "-DTESTING";
				PRODUCT_BUNDLE_IDENTIFIER = com.rodrigo.tk.ThenKitTests;
				PRODUCT_NAME = "$(TARGET_NAME)";
			};
			name = Release;
		};
/* End XCBuildConfiguration section */

/* Begin XCConfigurationList section */
		38CF92621B83E2D4006D4B05 /* Build configuration list for PBXProject "ThenKit" */ = {
			isa = XCConfigurationList;
			buildConfigurations = (
				38CF927A1B83E2D4006D4B05 /* Debug */,
				38CF927B1B83E2D4006D4B05 /* Release */,
			);
			defaultConfigurationIsVisible = 0;
			defaultConfigurationName = Release;
		};
		38CF927C1B83E2D4006D4B05 /* Build configuration list for PBXNativeTarget "ThenKit" */ = {
			isa = XCConfigurationList;
			buildConfigurations = (
				38CF927D1B83E2D4006D4B05 /* Debug */,
				38CF927E1B83E2D4006D4B05 /* Release */,
			);
			defaultConfigurationIsVisible = 0;
			defaultConfigurationName = Release;
		};
		38CF927F1B83E2D4006D4B05 /* Build configuration list for PBXNativeTarget "ThenKitTests" */ = {
			isa = XCConfigurationList;
			buildConfigurations = (
				38CF92801B83E2D4006D4B05 /* Debug */,
				38CF92811B83E2D4006D4B05 /* Release */,
			);
			defaultConfigurationIsVisible = 0;
			defaultConfigurationName = Release;
		};
/* End XCConfigurationList section */
	};
	rootObject = 38CF925F1B83E2D4006D4B05 /* Project object */;
}
